
Microsoft Visual Studio Solution File, Format Version 12.00
# Visual Studio Version 16
VisualStudioVersion = 16.0.31911.196
MinimumVisualStudioVersion = 10.0.40219.1
Project("{9A19103F-16F7-4668-BE54-9A1E7A4F7556}") = "AppointmentBot", "AppointmentBot.csproj", "{76FACFCB-D9AD-4979-B290-184A889C8FF1}"
EndProject
Global
	GlobalSection(SolutionConfigurationPlatforms) = preSolution
		Debug|Any CPU = Debug|Any CPU
		Release|Any CPU = Release|Any CPU
	EndGlobalSection
	GlobalSection(ProjectConfigurationPlatforms) = postSolution
		{76FACFCB-D9AD-4979-B290-184A889C8FF1}.Debug|Any CPU.ActiveCfg = Debug|Any CPU
		{76FACFCB-D9AD-4979-B290-184A889C8FF1}.Debug|Any CPU.Build.0 = Debug|Any CPU
		{76FACFCB-D9AD-4979-B290-184A889C8FF1}.Release|Any CPU.ActiveCfg = Release|Any CPU
		{76FACFCB-D9AD-4979-B290-184A889C8FF1}.Release|Any CPU.Build.0 = Release|Any CPU
	EndGlobalSection
	GlobalSection(SolutionProperties) = preSolution
		HideSolutionNode = FALSE
	EndGlobalSection
	GlobalSection(ExtensibilityGlobals) = postSolution
		SolutionGuid = {43BDCCC9-FA29-428B-8559-13D5F80F5183}
	EndGlobalSection
EndGlobal
